[0;90m03:04:52.682[0m [0;33mWARN  [0m Using `terragrunt.hcl` as the root of Terragrunt configurations is an anti-pattern, and no longer recommended. In a future version of Terragrunt, this will result in an error. You are advised to use a differently named file like `root.hcl` instead. For more information, see https://terragrunt.gruntwork.io/docs/migrate/migrating-from-root-terragrunt-hcl
[0;90m03:05:20.347[0m [0;37mSTDOUT[0m [0;36mterraform: [0m[0m[1mmodule.cloudwatch_log_group.module.role.data.aws_iam_policy_document.assume_role[0]: Reading...[0m[0m[0m
[0;90m03:05:20.349[0m [0;37mSTDOUT[0m [0;36mterraform: [0m[0m[1mmodule.cloudwatch_log_group.module.role.data.aws_iam_policy_document.assume_role[0]: Read complete after 0s [id=1197966806][0m[0m
[0;90m03:05:20.361[0m [0;37mSTDOUT[0m [0;36mterraform: [0m[0m[1maws_api_gateway_rest_api.this[0]: Refreshing state... [id=gslxbu791e][0m[0m
[0;90m03:05:21.038[0m [0;37mSTDOUT[0m [0;36mterraform: [0m[0m[1maws_api_gateway_deployment.this[0]: Refreshing state... [id=ds1e8w][0m[0m
[0;90m03:05:21.166[0m [0;37mSTDOUT[0m [0;36mterraform: [0m[0m[1maws_api_gateway_stage.this[0]: Refreshing state... [id=ags-gslxbu791e-dev][0m[0m
[0;90m03:05:21.297[0m [0;37mSTDOUT[0m [0;36mterraform: [0m[0m[1maws_api_gateway_method_settings.all[0]: Refreshing state... [id=gslxbu791e-dev-*/*][0m[0m
[0;90m03:05:21.552[0m [0;37mSTDOUT[0m [0;36mterraform: [0mTerraform used the selected providers to generate the following execution
[0;90m03:05:21.552[0m [0;37mSTDOUT[0m [0;36mterraform: [0mplan. Resource actions are indicated with the following symbols:
[0;90m03:05:21.552[0m [0;37mSTDOUT[0m [0;36mterraform: [0m  [33m~[0m update in-place[0m[0m
[0;90m03:05:21.552[0m [0;37mSTDOUT[0m [0;36mterraform: [0m[32m+[0m/[31m-[0m create replacement and then destroy[0m[0m
[0;90m03:05:21.552[0m [0;37mSTDOUT[0m [0;36mterraform: [0mTerraform will perform the following actions:
[0;90m03:05:21.552[0m [0;37mSTDOUT[0m [0;36mterraform: [0m[1m  # aws_api_gateway_deployment.this[0][0m must be [1m[31mreplaced[0m[0m
[0;90m03:05:21.552[0m [0;37mSTDOUT[0m [0;36mterraform: [0m[0m[32m+[0m/[31m-[0m[0m resource "aws_api_gateway_deployment" "this" {[0m
[0;90m03:05:21.553[0m [0;37mSTDOUT[0m [0;36mterraform: [0m      [33m~[0m[0m created_date  = "2025-10-29T07:41:29Z" -> (known after apply)[0m
[0;90m03:05:21.553[0m [0;37mSTDOUT[0m [0;36mterraform: [0m      [33m~[0m[0m execution_arn = "arn:aws:execute-api:us-east-1:496860676881:gslxbu791e/" -> (known after apply)[0m
[0;90m03:05:21.553[0m [0;37mSTDOUT[0m [0;36mterraform: [0m      [33m~[0m[0m id            = "ds1e8w" -> (known after apply)[0m
[0;90m03:05:21.553[0m [0;37mSTDOUT[0m [0;36mterraform: [0m      [33m~[0m[0m invoke_url    = "https://gslxbu791e.execute-api.us-east-1.amazonaws.com/" -> (known after apply)[0m
[0;90m03:05:21.553[0m [0;37mSTDOUT[0m [0;36mterraform: [0m      [33m~[0m[0m triggers      = { [31m# forces replacement[0m[0m[0m
[0;90m03:05:21.553[0m [0;37mSTDOUT[0m [0;36mterraform: [0m          [33m~[0m[0m "redeployment" = "5adecfe7499a9bdf3d35c885b4ca5866f4f3c33c" [33m->[0m[0m "a815ed852ad2de9f48ce42169bb1b0dfcd3c48c9"[0m
[0;90m03:05:21.553[0m [0;37mSTDOUT[0m [0;36mterraform: [0m        }
[0;90m03:05:21.553[0m [0;37mSTDOUT[0m [0;36mterraform: [0m        [90m# (1 unchanged attribute hidden)[0m[0m[0m
[0;90m03:05:21.553[0m [0;37mSTDOUT[0m [0;36mterraform: [0m    }
[0;90m03:05:21.553[0m [0;37mSTDOUT[0m [0;36mterraform: [0m[1m  # aws_api_gateway_stage.this[0][0m will be updated in-place[0m
[0;90m03:05:21.553[0m [0;37mSTDOUT[0m [0;36mterraform: [0m[0m  [33m~[0m[0m resource "aws_api_gateway_stage" "this" {[0m
[0;90m03:05:21.553[0m [0;37mSTDOUT[0m [0;36mterraform: [0m      [33m~[0m[0m deployment_id         = "ds1e8w" -> (known after apply)[0m
[0;90m03:05:21.553[0m [0;37mSTDOUT[0m [0;36mterraform: [0m        id                    = "ags-gslxbu791e-dev"
[0;90m03:05:21.553[0m [0;37mSTDOUT[0m [0;36mterraform: [0m        tags                  = {
[0;90m03:05:21.553[0m [0;37mSTDOUT[0m [0;36mterraform: [0m            "Environment" = "dev"
[0;90m03:05:21.553[0m [0;37mSTDOUT[0m [0;36mterraform: [0m            "Name"        = "dev"
[0;90m03:05:21.553[0m [0;37mSTDOUT[0m [0;36mterraform: [0m            "environment" = "dev"
[0;90m03:05:21.553[0m [0;37mSTDOUT[0m [0;36mterraform: [0m            "name"        = "api.dev.gildarck.com"
[0;90m03:05:21.553[0m [0;37mSTDOUT[0m [0;36mterraform: [0m            "owner"       = "gildarck"
[0;90m03:05:21.553[0m [0;37mSTDOUT[0m [0;36mterraform: [0m            "region"      = "us-east-1"
[0;90m03:05:21.553[0m [0;37mSTDOUT[0m [0;36mterraform: [0m            "service"     = "apigateway"
[0;90m03:05:21.553[0m [0;37mSTDOUT[0m [0;36mterraform: [0m        }
[0;90m03:05:21.553[0m [0;37mSTDOUT[0m [0;36mterraform: [0m        [90m# (9 unchanged attributes hidden)[0m[0m[0m
[0;90m03:05:21.553[0m [0;37mSTDOUT[0m [0;36mterraform: [0m    }
[0;90m03:05:21.553[0m [0;37mSTDOUT[0m [0;36mterraform: [0m[1mPlan:[0m 1 to add, 1 to change, 1 to destroy.[0m
[0;90m03:05:21.553[0m [0;37mSTDOUT[0m [0;36mterraform: [0m[0m[0m
[0;90m03:05:22.537[0m [0;37mSTDOUT[0m [0;36mterraform: [0m[0m[1maws_api_gateway_deployment.this[0]: Creating...[0m[0m[0m
[0;90m03:05:22.993[0m [0;31mSTDERR[0m [0;36mterraform: [0m[31m╷[0m[0m[0m
[0;90m03:05:22.994[0m [0;31mSTDERR[0m [0;36mterraform: [0m[31m│[0m [0m[1m[31mError: [0m[0m[1mcreating API Gateway Deployment: operation error API Gateway: CreateDeployment, https response error StatusCode: 400, RequestID: a500e040-e24d-410c-931e-b109d0a31d59, BadRequestException: No integration defined for method[0m[0m
[0;90m03:05:22.994[0m [0;31mSTDERR[0m [0;36mterraform: [0m[31m│[0m [0m[0m
[0;90m03:05:22.994[0m [0;31mSTDERR[0m [0;36mterraform: [0m[31m│[0m [0m[0m  with aws_api_gateway_deployment.this[0],[0m
[0;90m03:05:22.994[0m [0;31mSTDERR[0m [0;36mterraform: [0m[31m│[0m [0m  on main.tf line 39, in resource "aws_api_gateway_deployment" "this":[0m
[0;90m03:05:22.995[0m [0;31mSTDERR[0m [0;36mterraform: [0m[31m│[0m [0m  39: resource "aws_api_gateway_deployment" "this" [4m{[0m[0m[0m
[0;90m03:05:22.995[0m [0;31mSTDERR[0m [0;36mterraform: [0m[31m│[0m [0m[0m
[0;90m03:05:22.995[0m [0;31mSTDERR[0m [0;36mterraform: [0m[31m╵[0m[0m[0m
[0;90m03:05:23.393[0m [0;37mSTDOUT[0m [0;36mterraform: [0mReleasing state lock. This may take a few moments...
[0;90m03:05:23.561[0m [0;31mERROR [0m terraform invocation failed in ./.terragrunt-cache/a0VFVYCvfaAj0waqKhkDZcRZizY/DqiruHAdw8quxBPx1ZIbJasR8hE/aws-apigateway
[0;90m03:05:23.561[0m [0;31mERROR [0m error occurred:

* Failed to execute "terraform apply -auto-approve" in ./.terragrunt-cache/a0VFVYCvfaAj0waqKhkDZcRZizY/DqiruHAdw8quxBPx1ZIbJasR8hE/aws-apigateway
  [31m╷[0m[0m
  [31m│[0m [0m[1m[31mError: [0m[0m[1mcreating API Gateway Deployment: operation error API Gateway: CreateDeployment, https response error StatusCode: 400, RequestID: a500e040-e24d-410c-931e-b109d0a31d59, BadRequestException: No integration defined for method[0m
  [31m│[0m [0m
  [31m│[0m [0m[0m  with aws_api_gateway_deployment.this[0],
  [31m│[0m [0m  on main.tf line 39, in resource "aws_api_gateway_deployment" "this":
  [31m│[0m [0m  39: resource "aws_api_gateway_deployment" "this" [4m{[0m[0m
  [31m│[0m [0m
  [31m╵[0m[0m
  
  exit status 1

